
Microsoft Visual Studio Solution File, Format Version 12.00
# Visual Studio 2013
VisualStudioVersion = 12.0.21005.1
MinimumVisualStudioVersion = 10.0.40219.1
Project("{FAE04EC0-301F-11D3-BF4B-00C04F79EFBC}") = "Interpreter", "Interpreter.csproj", "{668DD1C1-2690-49B0-A8F1-BD95789AE9F4}"
EndProject
Project("{FAE04EC0-301F-11D3-BF4B-00C04F79EFBC}") = "ProgramBreeder", "..\ProgramBreeder\ProgramBreeder.csproj", "{17326A59-CBB0-4E59-AD87-E6E24EAD49E7}"
EndProject
Project("{FAE04EC0-301F-11D3-BF4B-00C04F79EFBC}") = "UniversalClassifier", "..\UniversalClassifier\UniversalClassifier.csproj", "{B69AF52B-EC54-40E7-BCE8-745AF82A4BB2}"
EndProject
Project("{FAE04EC0-301F-11D3-BF4B-00C04F79EFBC}") = "FormulaBreeder", "FormulaBreeder\FormulaBreeder.csproj", "{8303E44B-1578-4D9B-B54D-F824BF539EDF}"
EndProject
Global
	GlobalSection(SolutionConfigurationPlatforms) = preSolution
		Debug|Any CPU = Debug|Any CPU
		Debug|Mixed Platforms = Debug|Mixed Platforms
		Debug|x86 = Debug|x86
		Release|Any CPU = Release|Any CPU
		Release|Mixed Platforms = Release|Mixed Platforms
		Release|x86 = Release|x86
	EndGlobalSection
	GlobalSection(ProjectConfigurationPlatforms) = postSolution
		{668DD1C1-2690-49B0-A8F1-BD95789AE9F4}.Debug|Any CPU.ActiveCfg = Debug|x86
		{668DD1C1-2690-49B0-A8F1-BD95789AE9F4}.Debug|Mixed Platforms.ActiveCfg = Debug|x86
		{668DD1C1-2690-49B0-A8F1-BD95789AE9F4}.Debug|Mixed Platforms.Build.0 = Debug|x86
		{668DD1C1-2690-49B0-A8F1-BD95789AE9F4}.Debug|x86.ActiveCfg = Debug|x86
		{668DD1C1-2690-49B0-A8F1-BD95789AE9F4}.Debug|x86.Build.0 = Debug|x86
		{668DD1C1-2690-49B0-A8F1-BD95789AE9F4}.Release|Any CPU.ActiveCfg = Release|x86
		{668DD1C1-2690-49B0-A8F1-BD95789AE9F4}.Release|Mixed Platforms.ActiveCfg = Release|x86
		{668DD1C1-2690-49B0-A8F1-BD95789AE9F4}.Release|Mixed Platforms.Build.0 = Release|x86
		{668DD1C1-2690-49B0-A8F1-BD95789AE9F4}.Release|x86.ActiveCfg = Release|x86
		{668DD1C1-2690-49B0-A8F1-BD95789AE9F4}.Release|x86.Build.0 = Release|x86
		{17326A59-CBB0-4E59-AD87-E6E24EAD49E7}.Debug|Any CPU.ActiveCfg = Debug|x86
		{17326A59-CBB0-4E59-AD87-E6E24EAD49E7}.Debug|Mixed Platforms.ActiveCfg = Debug|x86
		{17326A59-CBB0-4E59-AD87-E6E24EAD49E7}.Debug|Mixed Platforms.Build.0 = Debug|x86
		{17326A59-CBB0-4E59-AD87-E6E24EAD49E7}.Debug|x86.ActiveCfg = Debug|x86
		{17326A59-CBB0-4E59-AD87-E6E24EAD49E7}.Debug|x86.Build.0 = Debug|x86
		{17326A59-CBB0-4E59-AD87-E6E24EAD49E7}.Release|Any CPU.ActiveCfg = Release|x86
		{17326A59-CBB0-4E59-AD87-E6E24EAD49E7}.Release|Mixed Platforms.ActiveCfg = Release|x86
		{17326A59-CBB0-4E59-AD87-E6E24EAD49E7}.Release|Mixed Platforms.Build.0 = Release|x86
		{17326A59-CBB0-4E59-AD87-E6E24EAD49E7}.Release|x86.ActiveCfg = Release|x86
		{17326A59-CBB0-4E59-AD87-E6E24EAD49E7}.Release|x86.Build.0 = Release|x86
		{B69AF52B-EC54-40E7-BCE8-745AF82A4BB2}.Debug|Any CPU.ActiveCfg = Debug|Any CPU
		{B69AF52B-EC54-40E7-BCE8-745AF82A4BB2}.Debug|Any CPU.Build.0 = Debug|Any CPU
		{B69AF52B-EC54-40E7-BCE8-745AF82A4BB2}.Debug|Mixed Platforms.ActiveCfg = Debug|Any CPU
		{B69AF52B-EC54-40E7-BCE8-745AF82A4BB2}.Debug|Mixed Platforms.Build.0 = Debug|Any CPU
		{B69AF52B-EC54-40E7-BCE8-745AF82A4BB2}.Debug|x86.ActiveCfg = Debug|Any CPU
		{B69AF52B-EC54-40E7-BCE8-745AF82A4BB2}.Release|Any CPU.ActiveCfg = Release|Any CPU
		{B69AF52B-EC54-40E7-BCE8-745AF82A4BB2}.Release|Any CPU.Build.0 = Release|Any CPU
		{B69AF52B-EC54-40E7-BCE8-745AF82A4BB2}.Release|Mixed Platforms.ActiveCfg = Release|Any CPU
		{B69AF52B-EC54-40E7-BCE8-745AF82A4BB2}.Release|Mixed Platforms.Build.0 = Release|Any CPU
		{B69AF52B-EC54-40E7-BCE8-745AF82A4BB2}.Release|x86.ActiveCfg = Release|Any CPU
		{8303E44B-1578-4D9B-B54D-F824BF539EDF}.Debug|Any CPU.ActiveCfg = Debug|Any CPU
		{8303E44B-1578-4D9B-B54D-F824BF539EDF}.Debug|Any CPU.Build.0 = Debug|Any CPU
		{8303E44B-1578-4D9B-B54D-F824BF539EDF}.Debug|Mixed Platforms.ActiveCfg = Debug|Any CPU
		{8303E44B-1578-4D9B-B54D-F824BF539EDF}.Debug|Mixed Platforms.Build.0 = Debug|Any CPU
		{8303E44B-1578-4D9B-B54D-F824BF539EDF}.Debug|x86.ActiveCfg = Debug|Any CPU
		{8303E44B-1578-4D9B-B54D-F824BF539EDF}.Release|Any CPU.ActiveCfg = Release|Any CPU
		{8303E44B-1578-4D9B-B54D-F824BF539EDF}.Release|Any CPU.Build.0 = Release|Any CPU
		{8303E44B-1578-4D9B-B54D-F824BF539EDF}.Release|Mixed Platforms.ActiveCfg = Release|Any CPU
		{8303E44B-1578-4D9B-B54D-F824BF539EDF}.Release|Mixed Platforms.Build.0 = Release|Any CPU
		{8303E44B-1578-4D9B-B54D-F824BF539EDF}.Release|x86.ActiveCfg = Release|Any CPU
	EndGlobalSection
	GlobalSection(SolutionProperties) = preSolution
		HideSolutionNode = FALSE
	EndGlobalSection
EndGlobal
